
Microsoft Visual Studio Solution File, Format Version 12.00
# Visual Studio 15
VisualStudioVersion = 15.0.27428.2015
MinimumVisualStudioVersion = 10.0.40219.1
Project("{F184B08F-C81C-45F6-A57F-5ABD9991F28F}") = "RetroTools", "RetroTools\RetroTools.vbproj", "{FFD8EAE2-159E-4224-AB27-EE58AE3E3BDC}"
EndProject
Global
	GlobalSection(SolutionConfigurationPlatforms) = preSolution
		Debug|Any CPU = Debug|Any CPU
		Release|Any CPU = Release|Any CPU
	EndGlobalSection
	GlobalSection(ProjectConfigurationPlatforms) = postSolution
		{FFD8EAE2-159E-4224-AB27-EE58AE3E3BDC}.Debug|Any CPU.ActiveCfg = Debug|Any CPU
		{FFD8EAE2-159E-4224-AB27-EE58AE3E3BDC}.Debug|Any CPU.Build.0 = Debug|Any CPU
		{FFD8EAE2-159E-4224-AB27-EE58AE3E3BDC}.Release|Any CPU.ActiveCfg = Release|Any CPU
		{FFD8EAE2-159E-4224-AB27-EE58AE3E3BDC}.Release|Any CPU.Build.0 = Release|Any CPU
	EndGlobalSection
	GlobalSection(SolutionProperties) = preSolution
		HideSolutionNode = FALSE
	EndGlobalSection
	GlobalSection(ExtensibilityGlobals) = postSolution
		SolutionGuid = {22968413-303F-42E8-90DE-DF1F2EB7D5CC}
	EndGlobalSection
EndGlobal
